// !$*UTF8*$!
{
	archiveVersion = 1;
	classes = {};
	objectVersion = 56;
	objects = {

/* Begin PBXBuildFile section */
		A10000000000000000000001 /* GymCoachApp.swift in Sources */ = {isa = PBXBuildFile; fileRef = A10000000000000000000002 /* GymCoachApp.swift */; };
/* End PBXBuildFile section */

/* Begin PBXFileReference section */
		A10000000000000000000002 /* GymCoachApp.swift */ = {isa = PBXFileReference; lastKnownFileType = sourcecode.swift; path = GymCoachApp.swift; sourceTree = "<group>"; };
		A10000000000000000000003 /* GymCoach.app */ = {isa = PBXFileReference; explicitFileType = wrapper.application; includeInIndex = 0; path = GymCoach.app; sourceTree = BUILT_PRODUCTS_DIR; };
/* End PBXFileReference section */

/* Begin PBXFrameworksBuildPhase section */
		A10000000000000000000004 /* Frameworks */ = {
			isa = PBXFrameworksBuildPhase;
			buildActionMask = 2147483647;
			files = ();
			runOnlyForDeploymentPostprocessing = 0;
		};
/* End PBXFrameworksBuildPhase section */

/* Begin PBXGroup section */
		A10000000000000000000005 = {
			isa = PBXGroup;
			children = (
				A10000000000000000000006 /* GymCoach */,
				A10000000000000000000007 /* Products */,
			);
			sourceTree = "<group>";
		};
		A10000000000000000000006 /* GymCoach */ = {
			isa = PBXGroup;
			children = (
				A10000000000000000000002 /* GymCoachApp.swift */,
			);
			path = GymCoach;
			sourceTree = "<group>";
		};
		A10000000000000000000007 /* Products */ = {
			isa = PBXGroup;
			children = (
				A10000000000000000000003 /* GymCoach.app */,
			);
			name = Products;
			sourceTree = "<group>";
		};
/* End PBXGroup section */

/* Begin PBXNativeTarget section */
		A10000000000000000000008 /* GymCoach */ = {
			isa = PBXNativeTarget;
			buildConfigurationList = A10000000000000000000009 /* Build configuration list for PBXNativeTarget "GymCoach" */;
			buildPhases = (
				A10000000000000000000010 /* Sources */,
				A10000000000000000000004 /* Frameworks */,
				A10000000000000000000011 /* Resources */,
			);
			buildRules = ();
			dependencies = ();
			name = GymCoach;
			productName = GymCoach;
			productReference = A10000000000000000000003 /* GymCoach.app */;
			productType = "com.apple.product-type.application";
		};
/* End PBXNativeTarget section */

/* Begin PBXProject section */
		A10000000000000000000012 /* Project object */ = {
			isa = PBXProject;
			attributes = {
				BuildIndependentTargetsInParallel = 1;
				LastSwiftUpdateCheck = 1500;
				LastUpgradeCheck = 1500;
				TargetAttributes = {
					A10000000000000000000008 = { CreatedOnToolsVersion = 15.0; };
				};
			};
			buildConfigurationList = A10000000000000000000013 /* Build configuration list for PBXProject "GymCoach" */;
			compatibilityVersion = "Xcode 14.0";
			developmentRegion = en;
			hasScannedForEncodings = 0;
			knownRegions = (en, Base, zh-Hans);
			mainGroup = A10000000000000000000005;
			productRefGroup = A10000000000000000000007 /* Products */;
			projectDirPath = "";
			projectRoot = "";
			targets = (A10000000000000000000008 /* GymCoach */);
		};
/* End PBXProject section */

/* Begin PBXResourcesBuildPhase section */
		A10000000000000000000011 /* Resources */ = { isa = PBXResourcesBuildPhase; buildActionMask = 2147483647; files = (); runOnlyForDeploymentPostprocessing = 0; };
/* End PBXResourcesBuildPhase section */

/* Begin PBXSourcesBuildPhase section */
		A10000000000000000000010 /* Sources */ = {
			isa = PBXSourcesBuildPhase;
			buildActionMask = 2147483647;
			files = (A10000000000000000000001 /* GymCoachApp.swift in Sources */);
			runOnlyForDeploymentPostprocessing = 0;
		};
/* End PBXSourcesBuildPhase section */

/* Begin XCBuildConfiguration section */
		A10000000000000000000014 /* Debug */ = {
			isa = XCBuildConfiguration;
			buildSettings = {
				ALWAYS_SEARCH_USER_PATHS = NO;
				CLANG_ENABLE_MODULES = YES;
				CLANG_ENABLE_OBJC_ARC = YES;
				CLANG_WARN_QUOTED_INCLUDE_IN_FRAMEWORK_HEADER = YES;
				GCC_C_LANGUAGE_STANDARD = gnu17;
				GCC_NO_COMMON_BLOCKS = YES;
				SWIFT_VERSION = 5.0;
			};
			name = Debug;
		};
		A10000000000000000000015 /* Release */ = {
			isa = XCBuildConfiguration;
			buildSettings = {
				ALWAYS_SEARCH_USER_PATHS = NO;
				CLANG_ENABLE_MODULES = YES;
				CLANG_ENABLE_OBJC_ARC = YES;
				GCC_C_LANGUAGE_STANDARD = gnu17;
				GCC_NO_COMMON_BLOCKS = YES;
				SWIFT_VERSION = 5.0;
			};
			name = Release;
		};
		A10000000000000000000016 /* Debug */ = {
			isa = XCBuildConfiguration;
			buildSettings = {
				ASSETCATALOG_COMPILER_GENERATE_SWIFT_ASSET_SYMBOL_EXTENSIONS = YES;
				CODE_SIGN_STYLE = Automatic;
				CURRENT_PROJECT_VERSION = 1;
				DEVELOPMENT_TEAM = "";
				GENERATE_INFOPLIST_FILE = YES;
				INFOPLIST_KEY_CFBundleDisplayName = "练了吗";
				INFOPLIST_KEY_NSHealthShareUsageDescription = "用于读取步数和训练数据，帮助生成你的健身计划。";
				INFOPLIST_KEY_NSPhotoLibraryUsageDescription = "用于选择餐食或菜单图片并估算营养。";
				IPHONEOS_DEPLOYMENT_TARGET = 17.0;
				MARKETING_VERSION = 0.1.0;
				PRODUCT_BUNDLE_IDENTIFIER = com.gymcoach.personal;
				PRODUCT_NAME = "$(TARGET_NAME)";
				SUPPORTED_PLATFORMS = "iphoneos iphonesimulator";
				SWIFT_EMIT_LOC_STRINGS = YES;
				SWIFT_VERSION = 5.0;
				TARGETED_DEVICE_FAMILY = 1;
			};
			name = Debug;
		};
		A10000000000000000000017 /* Release */ = {
			isa = XCBuildConfiguration;
			buildSettings = {
				ASSETCATALOG_COMPILER_GENERATE_SWIFT_ASSET_SYMBOL_EXTENSIONS = YES;
				CODE_SIGN_STYLE = Automatic;
				CURRENT_PROJECT_VERSION = 1;
				DEVELOPMENT_TEAM = "";
				GENERATE_INFOPLIST_FILE = YES;
				INFOPLIST_KEY_CFBundleDisplayName = "练了吗";
				INFOPLIST_KEY_NSHealthShareUsageDescription = "用于读取步数和训练数据，帮助生成你的健身计划。";
				INFOPLIST_KEY_NSPhotoLibraryUsageDescription = "用于选择餐食或菜单图片并估算营养。";
				IPHONEOS_DEPLOYMENT_TARGET = 17.0;
				MARKETING_VERSION = 0.1.0;
				PRODUCT_BUNDLE_IDENTIFIER = com.gymcoach.personal;
				PRODUCT_NAME = "$(TARGET_NAME)";
				SUPPORTED_PLATFORMS = "iphoneos iphonesimulator";
				SWIFT_EMIT_LOC_STRINGS = YES;
				SWIFT_VERSION = 5.0;
				TARGETED_DEVICE_FAMILY = 1;
			};
			name = Release;
		};
/* End XCBuildConfiguration section */

/* Begin XCConfigurationList section */
		A10000000000000000000013 /* Build configuration list for PBXProject "GymCoach" */ = { isa = XCConfigurationList; buildConfigurations = (A10000000000000000000014 /* Debug */, A10000000000000000000015 /* Release */); defaultConfigurationIsVisible = 0; defaultConfigurationName = Release; };
		A10000000000000000000009 /* Build configuration list for PBXNativeTarget "GymCoach" */ = { isa = XCConfigurationList; buildConfigurations = (A10000000000000000000016 /* Debug */, A10000000000000000000017 /* Release */); defaultConfigurationIsVisible = 0; defaultConfigurationName = Release; };
/* End XCConfigurationList section */
	};
	rootObject = A10000000000000000000012 /* Project object */;
}
